
Microsoft Visual Studio Solution File, Format Version 12.00
# Visual Studio Version 17
VisualStudioVersion = 17.2.32630.192
MinimumVisualStudioVersion = 10.0.40219.1
Project("{FAE04EC0-301F-11D3-BF4B-00C04F79EFBC}") = "AdvertismentTask", "AdvertismentTask\AdvertismentTask.csproj", "{46810EBA-0022-406E-95C8-87AF6C9DE939}"
EndProject
Global
	GlobalSection(SolutionConfigurationPlatforms) = preSolution
		Debug|Any CPU = Debug|Any CPU
		Release|Any CPU = Release|Any CPU
	EndGlobalSection
	GlobalSection(ProjectConfigurationPlatforms) = postSolution
		{46810EBA-0022-406E-95C8-87AF6C9DE939}.Debug|Any CPU.ActiveCfg = Debug|Any CPU
		{46810EBA-0022-406E-95C8-87AF6C9DE939}.Debug|Any CPU.Build.0 = Debug|Any CPU
		{46810EBA-0022-406E-95C8-87AF6C9DE939}.Release|Any CPU.ActiveCfg = Release|Any CPU
		{46810EBA-0022-406E-95C8-87AF6C9DE939}.Release|Any CPU.Build.0 = Release|Any CPU
	EndGlobalSection
	GlobalSection(SolutionProperties) = preSolution
		HideSolutionNode = FALSE
	EndGlobalSection
	GlobalSection(ExtensibilityGlobals) = postSolution
		SolutionGuid = {8D9E68F9-5EB7-45F0-82C7-0F52B915955D}
	EndGlobalSection
EndGlobal
